
Microsoft Visual Studio Solution File, Format Version 12.00
# Visual Studio Version 17
VisualStudioVersion = 17.14.36301.6 d17.14
MinimumVisualStudioVersion = 10.0.40219.1
Project("{FAE04EC0-301F-11D3-BF4B-00C04F79EFBC}") = "ScheduleCentral", "ScheduleCentral.csproj", "{A7E3A025-6293-465B-B8DF-62822324314C}"
EndProject
Global
	GlobalSection(SolutionConfigurationPlatforms) = preSolution
		Debug|Any CPU = Debug|Any CPU
		Release|Any CPU = Release|Any CPU
	EndGlobalSection
	GlobalSection(ProjectConfigurationPlatforms) = postSolution
		{A7E3A025-6293-465B-B8DF-62822324314C}.Debug|Any CPU.ActiveCfg = Debug|Any CPU
		{A7E3A025-6293-465B-B8DF-62822324314C}.Debug|Any CPU.Build.0 = Debug|Any CPU
		{A7E3A025-6293-465B-B8DF-62822324314C}.Release|Any CPU.ActiveCfg = Release|Any CPU
		{A7E3A025-6293-465B-B8DF-62822324314C}.Release|Any CPU.Build.0 = Release|Any CPU
	EndGlobalSection
	GlobalSection(SolutionProperties) = preSolution
		HideSolutionNode = FALSE
	EndGlobalSection
	GlobalSection(ExtensibilityGlobals) = postSolution
		SolutionGuid = {AC8E8BC4-6954-4B15-BCD9-53D055E35820}
	EndGlobalSection
EndGlobal
